
Microsoft Visual Studio Solution File, Format Version 12.00
# Visual Studio Version 17
VisualStudioVersion = 17.7.34221.43
MinimumVisualStudioVersion = 10.0.40219.1
Project("{FAE04EC0-301F-11D3-BF4B-00C04F79EFBC}") = "Module9PW", "Module9PW\Module9PW.csproj", "{1D5EBC9E-15C9-4E2E-BE1E-74DC8D911CBB}"
EndProject
Global
	GlobalSection(SolutionConfigurationPlatforms) = preSolution
		Debug|Any CPU = Debug|Any CPU
		Release|Any CPU = Release|Any CPU
	EndGlobalSection
	GlobalSection(ProjectConfigurationPlatforms) = postSolution
		{1D5EBC9E-15C9-4E2E-BE1E-74DC8D911CBB}.Debug|Any CPU.ActiveCfg = Debug|Any CPU
		{1D5EBC9E-15C9-4E2E-BE1E-74DC8D911CBB}.Debug|Any CPU.Build.0 = Debug|Any CPU
		{1D5EBC9E-15C9-4E2E-BE1E-74DC8D911CBB}.Release|Any CPU.ActiveCfg = Release|Any CPU
		{1D5EBC9E-15C9-4E2E-BE1E-74DC8D911CBB}.Release|Any CPU.Build.0 = Release|Any CPU
	EndGlobalSection
	GlobalSection(SolutionProperties) = preSolution
		HideSolutionNode = FALSE
	EndGlobalSection
	GlobalSection(ExtensibilityGlobals) = postSolution
		SolutionGuid = {829F76D0-2C63-4A9D-B0A2-F4A414CF6FFC}
	EndGlobalSection
EndGlobal
